
Microsoft Visual Studio Solution File, Format Version 12.00
# Visual Studio Version 16
VisualStudioVersion = 16.0.30907.101
MinimumVisualStudioVersion = 10.0.40219.1
Project("{FAE04EC0-301F-11D3-BF4B-00C04F79EFBC}") = "NatsCommon", "NatsCommon\NatsCommon.csproj", "{9DF09276-BE43-4510-9927-1414A169B1BE}"
EndProject
Project("{FAE04EC0-301F-11D3-BF4B-00C04F79EFBC}") = "NatsClient", "NatsClient\NatsClient.csproj", "{24B43C33-6C11-4D2A-B213-D8E16FC20B8A}"
EndProject
Project("{FAE04EC0-301F-11D3-BF4B-00C04F79EFBC}") = "NatsServer", "NatsServer\NatsServer.csproj", "{8EB10B79-A325-4A77-90E8-09D72E681742}"
EndProject
Global
	GlobalSection(SolutionConfigurationPlatforms) = preSolution
		Debug|Any CPU = Debug|Any CPU
		Release|Any CPU = Release|Any CPU
	EndGlobalSection
	GlobalSection(ProjectConfigurationPlatforms) = postSolution
		{9DF09276-BE43-4510-9927-1414A169B1BE}.Debug|Any CPU.ActiveCfg = Debug|Any CPU
		{9DF09276-BE43-4510-9927-1414A169B1BE}.Debug|Any CPU.Build.0 = Debug|Any CPU
		{9DF09276-BE43-4510-9927-1414A169B1BE}.Release|Any CPU.ActiveCfg = Release|Any CPU
		{9DF09276-BE43-4510-9927-1414A169B1BE}.Release|Any CPU.Build.0 = Release|Any CPU
		{24B43C33-6C11-4D2A-B213-D8E16FC20B8A}.Debug|Any CPU.ActiveCfg = Debug|Any CPU
		{24B43C33-6C11-4D2A-B213-D8E16FC20B8A}.Debug|Any CPU.Build.0 = Debug|Any CPU
		{24B43C33-6C11-4D2A-B213-D8E16FC20B8A}.Release|Any CPU.ActiveCfg = Release|Any CPU
		{24B43C33-6C11-4D2A-B213-D8E16FC20B8A}.Release|Any CPU.Build.0 = Release|Any CPU
		{8EB10B79-A325-4A77-90E8-09D72E681742}.Debug|Any CPU.ActiveCfg = Debug|Any CPU
		{8EB10B79-A325-4A77-90E8-09D72E681742}.Debug|Any CPU.Build.0 = Debug|Any CPU
		{8EB10B79-A325-4A77-90E8-09D72E681742}.Release|Any CPU.ActiveCfg = Release|Any CPU
		{8EB10B79-A325-4A77-90E8-09D72E681742}.Release|Any CPU.Build.0 = Release|Any CPU
	EndGlobalSection
	GlobalSection(SolutionProperties) = preSolution
		HideSolutionNode = FALSE
	EndGlobalSection
	GlobalSection(ExtensibilityGlobals) = postSolution
		SolutionGuid = {02FEDF95-8CA3-4A9B-AAA5-667A6CF6EC36}
	EndGlobalSection
EndGlobal
